{
  "name": "chrysanthemum",
  "lockfileVersion": 3,
  "requires": true,
  "packages": {
    "": {
      "dependencies": {
        "embla-carousel": "^8.5.2"
      }
    },
    "node_modules/embla-carousel": {
      "version": "8.5.2",
      "resolved": "https://registry.npmjs.org/embla-carousel/-/embla-carousel-8.5.2.tgz",
      "integrity": "sha512-xQ9oVLrun/eCG/7ru3R+I5bJ7shsD8fFwLEY7yPe27/+fDHCNj0OT5EoG5ZbFyOxOcG6yTwW8oTz/dWyFnyGpg==",
      "license": "MIT"
    }
  }
}
